# THIS IS AN AUTOGENERATED FILE. DO NOT EDIT THIS FILE DIRECTLY.
# yarn lockfile v1


"@ampproject/remapping@^2.2.0":
  version "2.2.0"
  resolved "https://registry.yarnpkg.com/@ampproject/remapping/-/remapping-2.2.0.tgz#56c133824780de3174aed5ab6834f3026790154d"
  integrity sha512-qRmjj8nj9qmLTQXXmaR1cck3UXSRMPrbsLJAasZpF+t3riI71BXed5ebIOYwQntykeZuhjsdweEc9BxH5Jc26w==
  dependencies:
    "@jridgewell/gen-mapping" "^0.1.0"
    "@jridgewell/trace-mapping" "^0.3.9"

"@antfu/install-pkg@^0.1.1":
  version "0.1.1"
  resolved "https://registry.yarnpkg.com/@antfu/install-pkg/-/install-pkg-0.1.1.tgz#157bb04f0de8100b9e4c01734db1a6c77e98bbb5"
  integrity sha512-LyB/8+bSfa0DFGC06zpCEfs89/XoWZwws5ygEa5D+Xsm3OfI+aXQ86VgVG7Acyef+rSZ5HE7J8rrxzrQeM3PjQ==
  dependencies:
    execa "^5.1.1"
    find-up "^5.0.0"

"@antfu/utils@^0.5.2":
  version "0.5.2"
  resolved "https://registry.yarnpkg.com/@antfu/utils/-/utils-0.5.2.tgz#8c2d931ff927be0ebe740169874a3d4004ab414b"
  integrity sha512-CQkeV+oJxUazwjlHD0/3ZD08QWKuGQkhnrKo3e6ly5pd48VUpXbb77q0xMU4+vc2CkJnDS02Eq/M9ugyX20XZA==

"@antfu/utils@^0.7.2":
  version "0.7.2"
  resolved "https://registry.yarnpkg.com/@antfu/utils/-/utils-0.7.2.tgz#3bb6f37a6b188056fe9e2f363b6aa735ed65d7ca"
  integrity sha512-vy9fM3pIxZmX07dL+VX1aZe7ynZ+YyB0jY+jE6r3hOK6GNY2t6W8rzpFC4tgpbXUYABkFQwgJq2XYXlxbXAI0g==

"@iconify-json/heroicons@^1.1.8":
  version "1.1.9"
  resolved "https://registry.yarnpkg.com/@iconify-json/heroicons/-/heroicons-1.1.9.tgz#51621892f56de23767004b5fc4dfd12cd557417a"
  integrity sha512-pDYg74VvhWTMbq+Hrvm0XhmyxGBr2XrQtSjpoWht/vNfHnlQRHP8Z+lPAGMQXYimb3+IaiHwJ5eeEED7KBNIJg==
  dependencies:
    "@iconify/types" "*"

"@iconify/types@*", "@iconify/types@^2.0.0":
  version "2.0.0"
  resolved "https://registry.yarnpkg.com/@iconify/types/-/types-2.0.0.tgz#ab0e9ea681d6c8a1214f30cd741fe3a20cc57f57"
  integrity sha512-+wluvCrRhXrhyOmRDJ3q8mux9JkKy5SJ/v8ol2tu4FVjyYvtEzkc/3pK15ET6RKg4b4w4BmTk1+gsCUhf21Ykg==

"@iconify/utils@^2.1.3":
  version "2.1.3"
  resolved "https://registry.yarnpkg.com/@iconify/utils/-/utils-2.1.3.tgz#00f669c513d517186d6c8baa4d819354e7c74c0d"
  integrity sha512-4rnzpZ2AWztPKDyWtw+DwJ9uko24it6YS+cnVpZveOrvLErwg22eXcGnIfuMFyECvsfbFhMqZW5YYWHe3CyEEg==
  dependencies:
    "@antfu/install-pkg" "^0.1.1"
    "@antfu/utils" "^0.7.2"
    "@iconify/types" "^2.0.0"
    debug "^4.3.4"
    kolorist "^1.7.0"
    local-pkg "^0.4.3"

"@jridgewell/gen-mapping@^0.1.0":
  version "0.1.1"
  resolved "https://registry.yarnpkg.com/@jridgewell/gen-mapping/-/gen-mapping-0.1.1.tgz#e5d2e450306a9491e3bd77e323e38d7aff315996"
  integrity sha512-sQXCasFk+U8lWYEe66WxRDOE9PjVz4vSM51fTu3Hw+ClTpUSQb718772vH3pyS5pShp6lvQM7SxgIDXXXmOX7w==
  dependencies:
    "@jridgewell/set-array" "^1.0.0"
    "@jridgewell/sourcemap-codec" "^1.4.10"

"@jridgewell/resolve-uri@3.1.0":
  version "3.1.0"
  resolved "https://registry.yarnpkg.com/@jridgewell/resolve-uri/-/resolve-uri-3.1.0.tgz#2203b118c157721addfe69d47b70465463066d78"
  integrity sha512-F2msla3tad+Mfht5cJq7LSXcdudKTWCVYUgw6pLFOOHSTtZlj6SWNYAp+AhuqLmWdBO2X5hPrLcu8cVP8fy28w==

"@jridgewell/set-array@^1.0.0":
  version "1.1.2"
  resolved "https://registry.yarnpkg.com/@jridgewell/set-array/-/set-array-1.1.2.tgz#7c6cf998d6d20b914c0a55a91ae928ff25965e72"
  integrity sha512-xnkseuNADM0gt2bs+BvhO0p78Mk762YnZdsuzFV018NoG1Sj1SCQvpSqa7XUaTam5vAGasABV9qXASMKnFMwMw==

"@jridgewell/sourcemap-codec@1.4.14", "@jridgewell/sourcemap-codec@^1.4.10", "@jridgewell/sourcemap-codec@^1.4.13":
  version "1.4.14"
  resolved "https://registry.yarnpkg.com/@jridgewell/sourcemap-codec/-/sourcemap-codec-1.4.14.tgz#add4c98d341472a289190b424efbdb096991bb24"
  integrity sha512-XPSJHWmi394fuUuzDnGz1wiKqWfo1yXecHQMRf2l6hztTO+nPru658AyDngaBe7isIxEkRsPR3FZh+s7iVa4Uw==

"@jridgewell/trace-mapping@^0.3.9":
  version "0.3.17"
  resolved "https://registry.yarnpkg.com/@jridgewell/trace-mapping/-/trace-mapping-0.3.17.tgz#793041277af9073b0951a7fe0f0d8c4c98c36985"
  integrity sha512-MCNzAp77qzKca9+W/+I0+sEpaUnZoeasnghNeVc41VZCEKaCH73Vq3BZZ/SzWIgrqE4H4ceI+p+b6C0mHf9T4g==
  dependencies:
    "@jridgewell/resolve-uri" "3.1.0"
    "@jridgewell/sourcemap-codec" "1.4.14"

"@nodelib/fs.scandir@2.1.5":
  version "2.1.5"
  resolved "https://registry.yarnpkg.com/@nodelib/fs.scandir/-/fs.scandir-2.1.5.tgz#7619c2eb21b25483f6d167548b4cfd5a7488c3d5"
  integrity sha512-vq24Bq3ym5HEQm2NKCr3yXDwjc7vTsEThRDnkp2DK9p1uqLR+DHurm/NOTo0KG7HYHU7eppKZj3MyqYuMBf62g==
  dependencies:
    "@nodelib/fs.stat" "2.0.5"
    run-parallel "^1.1.9"

"@nodelib/fs.stat@2.0.5", "@nodelib/fs.stat@^2.0.2":
  version "2.0.5"
  resolved "https://registry.yarnpkg.com/@nodelib/fs.stat/-/fs.stat-2.0.5.tgz#5bd262af94e9d25bd1e71b05deed44876a222e8b"
  integrity sha512-RkhPPp2zrqDAQA/2jNhnztcPAlv64XdhIp7a7454A5ovI7Bukxgt7MX7udwAu3zg1DcpPU0rz3VV1SeaqvY4+A==

"@nodelib/fs.walk@^1.2.3":
  version "1.2.8"
  resolved "https://registry.yarnpkg.com/@nodelib/fs.walk/-/fs.walk-1.2.8.tgz#e95737e8bb6746ddedf69c556953494f196fe69a"
  integrity sha512-oGB+UxlgWcgQkgwo8GcEGwemoTFt3FIO9ababBmaGwXIoBKZ+GTy0pP185beGg7Llih/NSHSV2XAs1lnznocSg==
  dependencies:
    "@nodelib/fs.scandir" "2.1.5"
    fastq "^1.6.0"

"@polka/url@^1.0.0-next.20":
  version "1.0.0-next.21"
  resolved "https://registry.yarnpkg.com/@polka/url/-/url-1.0.0-next.21.tgz#5de5a2385a35309427f6011992b544514d559aa1"
  integrity sha512-a5Sab1C4/icpTZVzZc5Ghpz88yQtGOyNqYXcZgOssB2uuAr+wF/MvN6bgtW32q7HHrvBki+BsZ0OuNv6EV3K9g==

"@rollup/pluginutils@^5.0.2":
  version "5.0.2"
  resolved "https://registry.yarnpkg.com/@rollup/pluginutils/-/pluginutils-5.0.2.tgz#012b8f53c71e4f6f9cb317e311df1404f56e7a33"
  integrity sha512-pTd9rIsP92h+B6wWwFbW8RkZv4hiR/xKsqre4SIuAOaOEQRxi0lqLke9k2/7WegC85GgUs9pjmOjCUi3In4vwA==
  dependencies:
    "@types/estree" "^1.0.0"
    estree-walker "^2.0.2"
    picomatch "^2.3.1"

"@types/estree@^1.0.0":
  version "1.0.0"
  resolved "https://registry.yarnpkg.com/@types/estree/-/estree-1.0.0.tgz#5fb2e536c1ae9bf35366eed879e827fa59ca41c2"
  integrity sha512-WulqXMDUTYAXCjZnk6JtIHPigp55cVtDgDrO2gHRwhyJto21+1zbVCtOYB2L1F9w4qCQ0rOGWBnBe0FNTiEJIQ==

"@unocss/astro@0.49.6":
  version "0.49.6"
  resolved "https://registry.yarnpkg.com/@unocss/astro/-/astro-0.49.6.tgz#2a52b83d403433085d2e29a52f4fcc4d41a3f076"
  integrity sha512-0+vXBLLoS8B8Itvx+43GYeEABbRur4XxdsMKjU1/F/zXJXEoQm2A1e7TM555dJSfHD7ZVcpP12Wygo5fCAfWVw==
  dependencies:
    "@unocss/core" "0.49.6"
    "@unocss/reset" "0.49.6"
    "@unocss/vite" "0.49.6"

"@unocss/cli@0.49.6":
  version "0.49.6"
  resolved "https://registry.yarnpkg.com/@unocss/cli/-/cli-0.49.6.tgz#06d5cf025408bfc0031bb14852203a9f81069fb6"
  integrity sha512-XdMeZzTZqe4Ds2Sf4VPUrQ1fnNlQwpi83cVDDbTtRgh7Lu2hgZFP/Baeq+IJ5Y5EEcf5nb+q2dp2K824/f9pZA==
  dependencies:
    "@ampproject/remapping" "^2.2.0"
    "@rollup/pluginutils" "^5.0.2"
    "@unocss/config" "0.49.6"
    "@unocss/core" "0.49.6"
    "@unocss/preset-uno" "0.49.6"
    cac "^6.7.14"
    chokidar "^3.5.3"
    colorette "^2.0.19"
    consola "^2.15.3"
    fast-glob "^3.2.12"
    magic-string "^0.27.0"
    pathe "^1.1.0"
    perfect-debounce "^0.1.3"

"@unocss/config@0.49.6":
  version "0.49.6"
  resolved "https://registry.yarnpkg.com/@unocss/config/-/config-0.49.6.tgz#8427861981db1ec1e9f146394877c11f4b9595c6"
  integrity sha512-2rDhQ11DwTR9HH87BWWw9dj+FwvYFqVXTDeJODZ/DmlT8ymlhC5eT0p0cqTrzDo3VdMlx20RmJ5l8mvtIu6pwQ==
  dependencies:
    "@unocss/core" "0.49.6"
    unconfig "^0.3.7"

"@unocss/core@0.49.6":
  version "0.49.6"
  resolved "https://registry.yarnpkg.com/@unocss/core/-/core-0.49.6.tgz#03604962cc8fc949c2dd3e2ed5f562c86ee3c5bc"
  integrity sha512-XVk8E4A8XH85uteouQkeRD+SUuZ1/qOqEGAsJ0RUBzLp9Yvb+xWHwVVvMs7XJKeo49PpyrZCk9mHJ6hjr748Gg==

"@unocss/inspector@0.49.6":
  version "0.49.6"
  resolved "https://registry.yarnpkg.com/@unocss/inspector/-/inspector-0.49.6.tgz#85809afabe272672af35080d525acface713e359"
  integrity sha512-cyBJ4ym/Ge/JaBE6M/lk8ZrHfNz+U9N2FQ6DFRBFBDcXX1//Rt0QKhiaTcWKfkWD+gAcz+qo5gGNJdKKiXQDPQ==
  dependencies:
    gzip-size "^6.0.0"
    sirv "^2.0.2"

"@unocss/preset-attributify@0.49.6":
  version "0.49.6"
  resolved "https://registry.yarnpkg.com/@unocss/preset-attributify/-/preset-attributify-0.49.6.tgz#9a8f7251242ca20355f03f90dc0e23474d73b367"
  integrity sha512-tcj6T8neXtCr6HZzhB2GKSWDW5Wbbpx3R5bGZ/GxnlImkLLhA9SmKQ85WdHE+hG/Tbh9eeUfSI+018YmD5uKng==
  dependencies:
    "@unocss/core" "0.49.6"

"@unocss/preset-icons@0.49.6":
  version "0.49.6"
  resolved "https://registry.yarnpkg.com/@unocss/preset-icons/-/preset-icons-0.49.6.tgz#c6df3333d8ea03b1e05856b4d7561b4095de3d0f"
  integrity sha512-iYFCBwob7Eeq+66vc9nEqdRw9aPfNQ8dDjq59llhQknNLx1h2x+CgByBOtzEVwdVgrwTtjinbKNvGlvl4huDkw==
  dependencies:
    "@iconify/utils" "^2.1.3"
    "@unocss/core" "0.49.6"
    ofetch "^1.0.0"

"@unocss/preset-mini@0.49.6":
  version "0.49.6"
  resolved "https://registry.yarnpkg.com/@unocss/preset-mini/-/preset-mini-0.49.6.tgz#bc9f20a764b6cb20a28635cfc1c97bc2d0a9138c"
  integrity sha512-DkMUwhlKJNW5AtdgaKDyLqJeNuYYtYF384KMrbMCUzH5mJ32MwONzsYClVaNdc7XTnjJWbPHStI5IQQ8Yndc7w==
  dependencies:
    "@unocss/core" "0.49.6"

"@unocss/preset-tagify@0.49.6":
  version "0.49.6"
  resolved "https://registry.yarnpkg.com/@unocss/preset-tagify/-/preset-tagify-0.49.6.tgz#5eecad583c53c481076b3c82261bb3da2277c48c"
  integrity sha512-x1rMPIU6VdyW5vwbC7ufGUAYgF1sPL8odb0g+QrzU+n8F64/G0hCjNv0xF+RG4BTNXiaQn2OJ3Ejulvauc8tOA==
  dependencies:
    "@unocss/core" "0.49.6"

"@unocss/preset-typography@0.49.6":
  version "0.49.6"
  resolved "https://registry.yarnpkg.com/@unocss/preset-typography/-/preset-typography-0.49.6.tgz#20d052dac894b177f6798533fabdd97ac9e4293f"
  integrity sha512-IkJWYUjH+0PUfknCXz8l5VX4+a7qbvX5t6ho4RaUgxMD96N+ZcpB0JZ8fKQ7ztA9ICjwcqWyvVhusjcck0SLRQ==
  dependencies:
    "@unocss/core" "0.49.6"

"@unocss/preset-uno@0.49.6":
  version "0.49.6"
  resolved "https://registry.yarnpkg.com/@unocss/preset-uno/-/preset-uno-0.49.6.tgz#fa738a26ed96b62c70038ddcbe56c65d2132cbf1"
  integrity sha512-T6qqGbPY6eKZYiWEFyDzaMwoi+/KmhS+UovUHqa93JgK2/euemDxXOBEVTkIZayrYm6T+NR8cm+n0EpYLYZNxg==
  dependencies:
    "@unocss/core" "0.49.6"
    "@unocss/preset-mini" "0.49.6"
    "@unocss/preset-wind" "0.49.6"

"@unocss/preset-web-fonts@0.49.6":
  version "0.49.6"
  resolved "https://registry.yarnpkg.com/@unocss/preset-web-fonts/-/preset-web-fonts-0.49.6.tgz#2a6b6b38cdcaef4ceae4985a7ef9f1b77022d616"
  integrity sha512-r+4t9ztY7WVrqX9P5G6S7LkfzBJzz2ZXwY9z9KkBiWUvcQ9e9QnYvz42g0JR6IQ7xZ/0hbm/WL83uDrxjLknAQ==
  dependencies:
    "@unocss/core" "0.49.6"
    ofetch "^1.0.0"

"@unocss/preset-wind@0.49.6":
  version "0.49.6"
  resolved "https://registry.yarnpkg.com/@unocss/preset-wind/-/preset-wind-0.49.6.tgz#0918940166f5a7acb258f01de145946ff19f592e"
  integrity sha512-gMBLdS2DdxwydKyExeuhJMp1bsQ0vhs4pbUr9smZiSMcwmORivGisIgaDWTaOmcYlH/eU+ntDk3ctEuPnOwLnQ==
  dependencies:
    "@unocss/core" "0.49.6"
    "@unocss/preset-mini" "0.49.6"

"@unocss/reset@0.49.6":
  version "0.49.6"
  resolved "https://registry.yarnpkg.com/@unocss/reset/-/reset-0.49.6.tgz#1916092cff6eaf39d12f96762702c7a03988e54f"
  integrity sha512-O3+c6WxruR6GqCtfAtE70pZiUmewabuqOOnGDFZFHX04Vb/aWL6kvBFBGQmuMgmK1ziOkkkCqAzSpw8U9p+cOg==

"@unocss/scope@0.49.6":
  version "0.49.6"
  resolved "https://registry.yarnpkg.com/@unocss/scope/-/scope-0.49.6.tgz#c41061d60d6498cfe20881b7da264839738c6eef"
  integrity sha512-JEch9EKzmHxkgUUzpCz/B7WneGfNRLPGC3Z8PKj65qr/58FWAvq1OVLw8QHcLoL+cfRTi51d8X7HF05+hDizCg==

"@unocss/transformer-attributify-jsx@0.49.6":
  version "0.49.6"
  resolved "https://registry.yarnpkg.com/@unocss/transformer-attributify-jsx/-/transformer-attributify-jsx-0.49.6.tgz#e5563b2a4a567f99d949ecefbcfa5e68d01ba2d5"
  integrity sha512-9OT9JzQQNgqDRynQzoirJ+QMd3/qQFzun6yYHqK026lcK6oJoSMi7upbe9F611NKFFG0G6H3NMFSpQWWAllecA==
  dependencies:
    "@unocss/core" "0.49.6"

"@unocss/transformer-compile-class@0.49.6":
  version "0.49.6"
  resolved "https://registry.yarnpkg.com/@unocss/transformer-compile-class/-/transformer-compile-class-0.49.6.tgz#8f22c873196e8fe59ae41af06f741c504b6146a8"
  integrity sha512-HnixpmRHDzj2W+hVB0kAe7I0ok6PCXuS5bdBmw954w4NZNKNhPDqgUzeb7EuynLnyIOoxagF8OC+YlDj3hCxDA==
  dependencies:
    "@unocss/core" "0.49.6"

"@unocss/transformer-directives@0.49.6":
  version "0.49.6"
  resolved "https://registry.yarnpkg.com/@unocss/transformer-directives/-/transformer-directives-0.49.6.tgz#02f21fa5605de13989d3033a8a98daf5afa37031"
  integrity sha512-zo4wWUVEp14jF6T6N+wyJheobDMOcWs+g3SPVSEP0FVskOGumbAQR3oj0RW8weOM/JdkioadvJu/TNhDDXVUdw==
  dependencies:
    "@unocss/core" "0.49.6"
    css-tree "^2.3.1"

"@unocss/transformer-variant-group@0.49.6":
  version "0.49.6"
  resolved "https://registry.yarnpkg.com/@unocss/transformer-variant-group/-/transformer-variant-group-0.49.6.tgz#a519e7b3d3e74ff2cea3ad7de215e4c17695fc0b"
  integrity sha512-S1qOYG0uHTWrbMT/t5bjAGRn36lZVVPDWtjdZHeEv7/jXq84v/m2TIybOnxnXCIvg/5WHQoVLC8w8QfJnSxy8A==
  dependencies:
    "@unocss/core" "0.49.6"

"@unocss/vite@0.49.6":
  version "0.49.6"
  resolved "https://registry.yarnpkg.com/@unocss/vite/-/vite-0.49.6.tgz#1d18bf4a145ec5e79587fbe27fc888bfce7c2371"
  integrity sha512-9wpl5t+WoXN+qpVRd9VprFQzSJtknA5eCTDvbNQwTPTmoCbIeIHBXsQrX9swj8jA3W9lVVS3ulDQCny8Qfwl8A==
  dependencies:
    "@ampproject/remapping" "^2.2.0"
    "@rollup/pluginutils" "^5.0.2"
    "@unocss/config" "0.49.6"
    "@unocss/core" "0.49.6"
    "@unocss/inspector" "0.49.6"
    "@unocss/scope" "0.49.6"
    "@unocss/transformer-directives" "0.49.6"
    chokidar "^3.5.3"
    fast-glob "^3.2.12"
    magic-string "^0.29.0"

anymatch@~3.1.2:
  version "3.1.3"
  resolved "https://registry.yarnpkg.com/anymatch/-/anymatch-3.1.3.tgz#790c58b19ba1720a84205b57c618d5ad8524973e"
  integrity sha512-KMReFUr0B4t+D+OBkjR3KYqvocp2XaSzO55UcB6mgQMd3KbcE+mWTyvVV7D/zsdEbNnV6acZUutkiHQXvTr1Rw==
  dependencies:
    normalize-path "^3.0.0"
    picomatch "^2.0.4"

binary-extensions@^2.0.0:
  version "2.2.0"
  resolved "https://registry.yarnpkg.com/binary-extensions/-/binary-extensions-2.2.0.tgz#75f502eeaf9ffde42fc98829645be4ea76bd9e2d"
  integrity sha512-jDctJ/IVQbZoJykoeHbhXpOlNBqGNcwXJKJog42E5HDPUwQTSdjCHdihjj0DlnheQ7blbT6dHOafNAiS8ooQKA==

braces@^3.0.2, braces@~3.0.2:
  version "3.0.2"
  resolved "https://registry.yarnpkg.com/braces/-/braces-3.0.2.tgz#3454e1a462ee8d599e236df336cd9ea4f8afe107"
  integrity sha512-b8um+L1RzM3WDSzvhm6gIz1yfTbBt6YTlcEKAvsmqCZZFw46z626lVj9j1yEPW33H5H+lBQpZMP1k8l+78Ha0A==
  dependencies:
    fill-range "^7.0.1"

cac@^6.7.14:
  version "6.7.14"
  resolved "https://registry.yarnpkg.com/cac/-/cac-6.7.14.tgz#804e1e6f506ee363cb0e3ccbb09cad5dd9870959"
  integrity sha512-b6Ilus+c3RrdDk+JhLKUAQfzzgLEPy6wcXqS7f/xe1EETvsDP6GORG7SFuOs6cID5YkqchW/LXZbX5bc8j7ZcQ==

chokidar@^3.5.3:
  version "3.5.3"
  resolved "https://registry.yarnpkg.com/chokidar/-/chokidar-3.5.3.tgz#1cf37c8707b932bd1af1ae22c0432e2acd1903bd"
  integrity sha512-Dr3sfKRP6oTcjf2JmUmFJfeVMvXBdegxB0iVQ5eb2V10uFJUCAS8OByZdVAyVb8xXNz3GjjTgj9kLWsZTqE6kw==
  dependencies:
    anymatch "~3.1.2"
    braces "~3.0.2"
    glob-parent "~5.1.2"
    is-binary-path "~2.1.0"
    is-glob "~4.0.1"
    normalize-path "~3.0.0"
    readdirp "~3.6.0"
  optionalDependencies:
    fsevents "~2.3.2"

colorette@^2.0.19:
  version "2.0.19"
  resolved "https://registry.yarnpkg.com/colorette/-/colorette-2.0.19.tgz#cdf044f47ad41a0f4b56b3a0d5b4e6e1a2d5a798"
  integrity sha512-3tlv/dIP7FWvj3BsbHrGLJ6l/oKh1O3TcgBqMn+yyCagOxc23fyzDS6HypQbgxWbkpDnf52p1LuR4eWDQ/K9WQ==

consola@^2.15.3:
  version "2.15.3"
  resolved "https://registry.yarnpkg.com/consola/-/consola-2.15.3.tgz#2e11f98d6a4be71ff72e0bdf07bd23e12cb61550"
  integrity sha512-9vAdYbHj6x2fLKC4+oPH0kFzY/orMZyG2Aj+kNylHxKGJ/Ed4dpNyAQYwJOdqO4zdM7XpVHmyejQDcQHrnuXbw==

cross-spawn@^7.0.3:
  version "7.0.3"
  resolved "https://registry.yarnpkg.com/cross-spawn/-/cross-spawn-7.0.3.tgz#f73a85b9d5d41d045551c177e2882d4ac85728a6"
  integrity sha512-iRDPJKUPVEND7dHPO8rkbOnPpyDygcDFtWjpeWNCgy8WP2rXcxXL8TskReQl6OrB2G7+UJrags1q15Fudc7G6w==
  dependencies:
    path-key "^3.1.0"
    shebang-command "^2.0.0"
    which "^2.0.1"

css-tree@^2.3.1:
  version "2.3.1"
  resolved "https://registry.yarnpkg.com/css-tree/-/css-tree-2.3.1.tgz#10264ce1e5442e8572fc82fbe490644ff54b5c20"
  integrity sha512-6Fv1DV/TYw//QF5IzQdqsNDjx/wc8TrMBZsqjL9eW01tWb7R7k/mq+/VXfJCl7SoD5emsJop9cOByJZfs8hYIw==
  dependencies:
    mdn-data "2.0.30"
    source-map-js "^1.0.1"

debug@^4.3.4:
  version "4.3.4"
  resolved "https://registry.yarnpkg.com/debug/-/debug-4.3.4.tgz#1319f6579357f2338d3337d2cdd4914bb5dcc865"
  integrity sha512-PRWFHuSU3eDtQJPvnNY7Jcket1j0t5OuOsFzPPzsekD52Zl8qUfFIPEiswXqIvHWGVHOgX+7G/vCNNhehwxfkQ==
  dependencies:
    ms "2.1.2"

defu@^6.1.0:
  version "6.1.2"
  resolved "https://registry.yarnpkg.com/defu/-/defu-6.1.2.tgz#1217cba167410a1765ba93893c6dbac9ed9d9e5c"
  integrity sha512-+uO4+qr7msjNNWKYPHqN/3+Dx3NFkmIzayk2L1MyZQlvgZb/J1A0fo410dpKrN2SnqFjt8n4JL8fDJE0wIgjFQ==

destr@^1.2.2:
  version "1.2.2"
  resolved "https://registry.yarnpkg.com/destr/-/destr-1.2.2.tgz#7ba9befcafb645a50e76b260449c63927b51e22f"
  integrity sha512-lrbCJwD9saUQrqUfXvl6qoM+QN3W7tLV5pAOs+OqOmopCCz/JkE05MHedJR1xfk4IAnZuJXPVuN5+7jNA2ZCiA==

duplexer@^0.1.2:
  version "0.1.2"
  resolved "https://registry.yarnpkg.com/duplexer/-/duplexer-0.1.2.tgz#3abe43aef3835f8ae077d136ddce0f276b0400e6"
  integrity sha512-jtD6YG370ZCIi/9GTaJKQxWTZD045+4R4hTk/x1UyoqadyJ9x9CgSi1RlVDQF8U2sxLLSnFkCaMihqljHIWgMg==

estree-walker@^2.0.2:
  version "2.0.2"
  resolved "https://registry.yarnpkg.com/estree-walker/-/estree-walker-2.0.2.tgz#52f010178c2a4c117a7757cfe942adb7d2da4cac"
  integrity sha512-Rfkk/Mp/DL7JVje3u18FxFujQlTNR2q6QfMSMB7AvCBx91NGj/ba3kCfza0f6dVDbw7YlRf/nDrn7pQrCCyQ/w==

execa@^5.1.1:
  version "5.1.1"
  resolved "https://registry.yarnpkg.com/execa/-/execa-5.1.1.tgz#f80ad9cbf4298f7bd1d4c9555c21e93741c411dd"
  integrity sha512-8uSpZZocAZRBAPIEINJj3Lo9HyGitllczc27Eh5YYojjMFMn8yHMDMaUHE2Jqfq05D/wucwI4JGURyXt1vchyg==
  dependencies:
    cross-spawn "^7.0.3"
    get-stream "^6.0.0"
    human-signals "^2.1.0"
    is-stream "^2.0.0"
    merge-stream "^2.0.0"
    npm-run-path "^4.0.1"
    onetime "^5.1.2"
    signal-exit "^3.0.3"
    strip-final-newline "^2.0.0"

fast-glob@^3.2.12:
  version "3.2.12"
  resolved "https://registry.yarnpkg.com/fast-glob/-/fast-glob-3.2.12.tgz#7f39ec99c2e6ab030337142da9e0c18f37afae80"
  integrity sha512-DVj4CQIYYow0BlaelwK1pHl5n5cRSJfM60UA0zK891sVInoPri2Ekj7+e1CT3/3qxXenpI+nBBmQAcJPJgaj4w==
  dependencies:
    "@nodelib/fs.stat" "^2.0.2"
    "@nodelib/fs.walk" "^1.2.3"
    glob-parent "^5.1.2"
    merge2 "^1.3.0"
    micromatch "^4.0.4"

fastq@^1.6.0:
  version "1.15.0"
  resolved "https://registry.yarnpkg.com/fastq/-/fastq-1.15.0.tgz#d04d07c6a2a68fe4599fea8d2e103a937fae6b3a"
  integrity sha512-wBrocU2LCXXa+lWBt8RoIRD89Fi8OdABODa/kEnyeyjS5aZO5/GNvI5sEINADqP/h8M29UHTHUb53sUu5Ihqdw==
  dependencies:
    reusify "^1.0.4"

fill-range@^7.0.1:
  version "7.0.1"
  resolved "https://registry.yarnpkg.com/fill-range/-/fill-range-7.0.1.tgz#1919a6a7c75fe38b2c7c77e5198535da9acdda40"
  integrity sha512-qOo9F+dMUmC2Lcb4BbVvnKJxTPjCm+RRpe4gDuGrzkL7mEVl/djYSu2OdQ2Pa302N4oqkSg9ir6jaLWJ2USVpQ==
  dependencies:
    to-regex-range "^5.0.1"

find-up@^5.0.0:
  version "5.0.0"
  resolved "https://registry.yarnpkg.com/find-up/-/find-up-5.0.0.tgz#4c92819ecb7083561e4f4a240a86be5198f536fc"
  integrity sha512-78/PXT1wlLLDgTzDs7sjq9hzz0vXD+zn+7wypEe4fXQxCmdmqfGsEPQxmiCSQI3ajFV91bVSsvNtrJRiW6nGng==
  dependencies:
    locate-path "^6.0.0"
    path-exists "^4.0.0"

fsevents@~2.3.2:
  version "2.3.2"
  resolved "https://registry.yarnpkg.com/fsevents/-/fsevents-2.3.2.tgz#8a526f78b8fdf4623b709e0b975c52c24c02fd1a"
  integrity sha512-xiqMQR4xAeHTuB9uWm+fFRcIOgKBMiOBP+eXiyT7jsgVCq1bkVygt00oASowB7EdtpOHaaPgKt812P9ab+DDKA==

get-stream@^6.0.0:
  version "6.0.1"
  resolved "https://registry.yarnpkg.com/get-stream/-/get-stream-6.0.1.tgz#a262d8eef67aced57c2852ad6167526a43cbf7b7"
  integrity sha512-ts6Wi+2j3jQjqi70w5AlN8DFnkSwC+MqmxEzdEALB2qXZYV3X/b1CTfgPLGJNMeAWxdPfU8FO1ms3NUfaHCPYg==

glob-parent@^5.1.2, glob-parent@~5.1.2:
  version "5.1.2"
  resolved "https://registry.yarnpkg.com/glob-parent/-/glob-parent-5.1.2.tgz#869832c58034fe68a4093c17dc15e8340d8401c4"
  integrity sha512-AOIgSQCepiJYwP3ARnGx+5VnTu2HBYdzbGP45eLw1vr3zB3vZLeyed1sC9hnbcOc9/SrMyM5RPQrkGz4aS9Zow==
  dependencies:
    is-glob "^4.0.1"

gzip-size@^6.0.0:
  version "6.0.0"
  resolved "https://registry.yarnpkg.com/gzip-size/-/gzip-size-6.0.0.tgz#065367fd50c239c0671cbcbad5be3e2eeb10e462"
  integrity sha512-ax7ZYomf6jqPTQ4+XCpUGyXKHk5WweS+e05MBO4/y3WJ5RkmPXNKvX+bx1behVILVwr6JSQvZAku021CHPXG3Q==
  dependencies:
    duplexer "^0.1.2"

human-signals@^2.1.0:
  version "2.1.0"
  resolved "https://registry.yarnpkg.com/human-signals/-/human-signals-2.1.0.tgz#dc91fcba42e4d06e4abaed33b3e7a3c02f514ea0"
  integrity sha512-B4FFZ6q/T2jhhksgkbEW3HBvWIfDW85snkQgawt07S7J5QXTk6BkNV+0yAeZrM5QpMAdYlocGoljn0sJ/WQkFw==

is-binary-path@~2.1.0:
  version "2.1.0"
  resolved "https://registry.yarnpkg.com/is-binary-path/-/is-binary-path-2.1.0.tgz#ea1f7f3b80f064236e83470f86c09c254fb45b09"
  integrity sha512-ZMERYes6pDydyuGidse7OsHxtbI7WVeUEozgR/g7rd0xUimYNlvZRE/K2MgZTjWy725IfelLeVcEM97mmtRGXw==
  dependencies:
    binary-extensions "^2.0.0"

is-extglob@^2.1.1:
  version "2.1.1"
  resolved "https://registry.yarnpkg.com/is-extglob/-/is-extglob-2.1.1.tgz#a88c02535791f02ed37c76a1b9ea9773c833f8c2"
  integrity sha512-SbKbANkN603Vi4jEZv49LeVJMn4yGwsbzZworEoyEiutsN3nJYdbO36zfhGJ6QEDpOZIFkDtnq5JRxmvl3jsoQ==

is-glob@^4.0.1, is-glob@~4.0.1:
  version "4.0.3"
  resolved "https://registry.yarnpkg.com/is-glob/-/is-glob-4.0.3.tgz#64f61e42cbbb2eec2071a9dac0b28ba1e65d5084"
  integrity sha512-xelSayHH36ZgE7ZWhli7pW34hNbNl8Ojv5KVmkJD4hBdD3th8Tfk9vYasLM+mXWOZhFkgZfxhLSnrwRr4elSSg==
  dependencies:
    is-extglob "^2.1.1"

is-number@^7.0.0:
  version "7.0.0"
  resolved "https://registry.yarnpkg.com/is-number/-/is-number-7.0.0.tgz#7535345b896734d5f80c4d06c50955527a14f12b"
  integrity sha512-41Cifkg6e8TylSpdtTpeLVMqvSBEVzTttHvERD741+pnZ8ANv0004MRL43QKPDlK9cGvNp6NZWZUBlbGXYxxng==

is-stream@^2.0.0:
  version "2.0.1"
  resolved "https://registry.yarnpkg.com/is-stream/-/is-stream-2.0.1.tgz#fac1e3d53b97ad5a9d0ae9cef2389f5810a5c077"
  integrity sha512-hFoiJiTl63nn+kstHGBtewWSKnQLpyb155KHheA1l39uvtO9nWIop1p3udqPcUd/xbF1VLMO4n7OI6p7RbngDg==

isexe@^2.0.0:
  version "2.0.0"
  resolved "https://registry.yarnpkg.com/isexe/-/isexe-2.0.0.tgz#e8fbf374dc556ff8947a10dcb0572d633f2cfa10"
  integrity sha512-RHxMLp9lnKHGHRng9QFhRCMbYAcVpn69smSGcq3f36xjgVVWThj4qqLbTLlq7Ssj8B+fIQ1EuCEGI2lKsyQeIw==

jiti@^1.16.0:
  version "1.17.1"
  resolved "https://registry.yarnpkg.com/jiti/-/jiti-1.17.1.tgz#264daa43ee89a03e8be28c3d712ccc4eb9f1e8ed"
  integrity sha512-NZIITw8uZQFuzQimqjUxIrIcEdxYDFIe/0xYfIlVXTkiBjjyBEvgasj5bb0/cHtPRD/NziPbT312sFrkI5ALpw==

kolorist@^1.7.0:
  version "1.7.0"
  resolved "https://registry.yarnpkg.com/kolorist/-/kolorist-1.7.0.tgz#8e22bc470ea2d2743dbd461808f8b5246b19f5f4"
  integrity sha512-ymToLHqL02udwVdbkowNpzjFd6UzozMtshPQKVi5k1EjKRqKqBrOnE9QbLEb0/pV76SAiIT13hdL8R6suc+f3g==

local-pkg@^0.4.3:
  version "0.4.3"
  resolved "https://registry.yarnpkg.com/local-pkg/-/local-pkg-0.4.3.tgz#0ff361ab3ae7f1c19113d9bb97b98b905dbc4963"
  integrity sha512-SFppqq5p42fe2qcZQqqEOiVRXl+WCP1MdT6k7BDEW1j++sp5fIY+/fdRQitvKgB5BrBcmrs5m/L0v2FrU5MY1g==

locate-path@^6.0.0:
  version "6.0.0"
  resolved "https://registry.yarnpkg.com/locate-path/-/locate-path-6.0.0.tgz#55321eb309febbc59c4801d931a72452a681d286"
  integrity sha512-iPZK6eYjbxRu3uB4/WZ3EsEIMJFMqAoopl3R+zuq0UjcAm/MO6KCweDgPfP3elTztoKP3KtnVHxTn2NHBSDVUw==
  dependencies:
    p-locate "^5.0.0"

magic-string@^0.27.0:
  version "0.27.0"
  resolved "https://registry.yarnpkg.com/magic-string/-/magic-string-0.27.0.tgz#e4a3413b4bab6d98d2becffd48b4a257effdbbf3"
  integrity sha512-8UnnX2PeRAPZuN12svgR9j7M1uWMovg/CEnIwIG0LFkXSJJe4PdfUGiTGl8V9bsBHFUtfVINcSyYxd7q+kx9fA==
  dependencies:
    "@jridgewell/sourcemap-codec" "^1.4.13"

magic-string@^0.29.0:
  version "0.29.0"
  resolved "https://registry.yarnpkg.com/magic-string/-/magic-string-0.29.0.tgz#f034f79f8c43dba4ae1730ffb5e8c4e084b16cf3"
  integrity sha512-WcfidHrDjMY+eLjlU+8OvwREqHwpgCeKVBUpQ3OhYYuvfaYCUgcbuBzappNzZvg/v8onU3oQj+BYpkOJe9Iw4Q==
  dependencies:
    "@jridgewell/sourcemap-codec" "^1.4.13"

mdn-data@2.0.30:
  version "2.0.30"
  resolved "https://registry.yarnpkg.com/mdn-data/-/mdn-data-2.0.30.tgz#ce4df6f80af6cfbe218ecd5c552ba13c4dfa08cc"
  integrity sha512-GaqWWShW4kv/G9IEucWScBx9G1/vsFZZJUO+tD26M8J8z3Kw5RDQjaoZe03YAClgeS/SWPOcb4nkFBTEi5DUEA==

merge-stream@^2.0.0:
  version "2.0.0"
  resolved "https://registry.yarnpkg.com/merge-stream/-/merge-stream-2.0.0.tgz#52823629a14dd00c9770fb6ad47dc6310f2c1f60"
  integrity sha512-abv/qOcuPfk3URPfDzmZU1LKmuw8kT+0nIHvKrKgFrwifol/doWcdA4ZqsWQ8ENrFKkd67Mfpo/LovbIUsbt3w==

merge2@^1.3.0:
  version "1.4.1"
  resolved "https://registry.yarnpkg.com/merge2/-/merge2-1.4.1.tgz#4368892f885e907455a6fd7dc55c0c9d404990ae"
  integrity sha512-8q7VEgMJW4J8tcfVPy8g09NcQwZdbwFEqhe/WZkoIzjn/3TGDwtOCYtXGxA3O8tPzpczCCDgv+P2P5y00ZJOOg==

micromatch@^4.0.4:
  version "4.0.5"
  resolved "https://registry.yarnpkg.com/micromatch/-/micromatch-4.0.5.tgz#bc8999a7cbbf77cdc89f132f6e467051b49090c6"
  integrity sha512-DMy+ERcEW2q8Z2Po+WNXuw3c5YaUSFjAO5GsJqfEl7UjvtIuFKO6ZrKvcItdy98dwFI2N1tg3zNIdKaQT+aNdA==
  dependencies:
    braces "^3.0.2"
    picomatch "^2.3.1"

mimic-fn@^2.1.0:
  version "2.1.0"
  resolved "https://registry.yarnpkg.com/mimic-fn/-/mimic-fn-2.1.0.tgz#7ed2c2ccccaf84d3ffcb7a69b57711fc2083401b"
  integrity sha512-OqbOk5oEQeAZ8WXWydlu9HJjz9WVdEIvamMCcXmuqUYjTknH/sqsWvhQ3vgwKFRR1HpjvNBKQ37nbJgYzGqGcg==

mrmime@^1.0.0:
  version "1.0.1"
  resolved "https://registry.yarnpkg.com/mrmime/-/mrmime-1.0.1.tgz#5f90c825fad4bdd41dc914eff5d1a8cfdaf24f27"
  integrity sha512-hzzEagAgDyoU1Q6yg5uI+AorQgdvMCur3FcKf7NhMKWsaYg+RnbTyHRa/9IlLF9rf455MOCtcqqrQQ83pPP7Uw==

ms@2.1.2:
  version "2.1.2"
  resolved "https://registry.yarnpkg.com/ms/-/ms-2.1.2.tgz#d09d1f357b443f493382a8eb3ccd183872ae6009"
  integrity sha512-sGkPx+VjMtmA6MX27oA4FBFELFCZZ4S4XqeGOXCv68tT+jb3vk/RyaKWP0PTKyWtmLSM0b+adUTEvbs1PEaH2w==

node-fetch-native@^1.0.2:
  version "1.0.2"
  resolved "https://registry.yarnpkg.com/node-fetch-native/-/node-fetch-native-1.0.2.tgz#de3651399fda89a1a7c0bf6e7c4e9c239e8d0697"
  integrity sha512-KIkvH1jl6b3O7es/0ShyCgWLcfXxlBrLBbP3rOr23WArC66IMcU4DeZEeYEOwnopYhawLTn7/y+YtmASe8DFVQ==

normalize-path@^3.0.0, normalize-path@~3.0.0:
  version "3.0.0"
  resolved "https://registry.yarnpkg.com/normalize-path/-/normalize-path-3.0.0.tgz#0dcd69ff23a1c9b11fd0978316644a0388216a65"
  integrity sha512-6eZs5Ls3WtCisHWp9S2GUy8dqkpGi4BVSz3GaqiE6ezub0512ESztXUwUB6C6IKbQkY2Pnb/mD4WYojCRwcwLA==

npm-run-path@^4.0.1:
  version "4.0.1"
  resolved "https://registry.yarnpkg.com/npm-run-path/-/npm-run-path-4.0.1.tgz#b7ecd1e5ed53da8e37a55e1c2269e0b97ed748ea"
  integrity sha512-S48WzZW777zhNIrn7gxOlISNAqi9ZC/uQFnRdbeIHhZhCA6UqpkOT8T1G7BvfdgP4Er8gF4sUbaS0i7QvIfCWw==
  dependencies:
    path-key "^3.0.0"

ofetch@^1.0.0:
  version "1.0.1"
  resolved "https://registry.yarnpkg.com/ofetch/-/ofetch-1.0.1.tgz#68b410d4494e37fa67b99e9a60172ae447b2c44c"
  integrity sha512-icBz2JYfEpt+wZz1FRoGcrMigjNKjzvufE26m9+yUiacRQRHwnNlGRPiDnW4op7WX/MR6aniwS8xw8jyVelF2g==
  dependencies:
    destr "^1.2.2"
    node-fetch-native "^1.0.2"
    ufo "^1.1.0"

onetime@^5.1.2:
  version "5.1.2"
  resolved "https://registry.yarnpkg.com/onetime/-/onetime-5.1.2.tgz#d0e96ebb56b07476df1dd9c4806e5237985ca45e"
  integrity sha512-kbpaSSGJTWdAY5KPVeMOKXSrPtr8C8C7wodJbcsd51jRnmD+GZu8Y0VoU6Dm5Z4vWr0Ig/1NKuWRKf7j5aaYSg==
  dependencies:
    mimic-fn "^2.1.0"

p-limit@^3.0.2:
  version "3.1.0"
  resolved "https://registry.yarnpkg.com/p-limit/-/p-limit-3.1.0.tgz#e1daccbe78d0d1388ca18c64fea38e3e57e3706b"
  integrity sha512-TYOanM3wGwNGsZN2cVTYPArw454xnXj5qmWF1bEoAc4+cU/ol7GVh7odevjp1FNHduHc3KZMcFduxU5Xc6uJRQ==
  dependencies:
    yocto-queue "^0.1.0"

p-locate@^5.0.0:
  version "5.0.0"
  resolved "https://registry.yarnpkg.com/p-locate/-/p-locate-5.0.0.tgz#83c8315c6785005e3bd021839411c9e110e6d834"
  integrity sha512-LaNjtRWUBY++zB5nE/NwcaoMylSPk+S+ZHNB1TzdbMJMny6dynpAGt7X/tl/QYq3TIeE6nxHppbo2LGymrG5Pw==
  dependencies:
    p-limit "^3.0.2"

path-exists@^4.0.0:
  version "4.0.0"
  resolved "https://registry.yarnpkg.com/path-exists/-/path-exists-4.0.0.tgz#513bdbe2d3b95d7762e8c1137efa195c6c61b5b3"
  integrity sha512-ak9Qy5Q7jYb2Wwcey5Fpvg2KoAc/ZIhLSLOSBmRmygPsGwkVVt0fZa0qrtMz+m6tJTAHfZQ8FnmB4MG4LWy7/w==

path-key@^3.0.0, path-key@^3.1.0:
  version "3.1.1"
  resolved "https://registry.yarnpkg.com/path-key/-/path-key-3.1.1.tgz#581f6ade658cbba65a0d3380de7753295054f375"
  integrity sha512-ojmeN0qd+y0jszEtoY48r0Peq5dwMEkIlCOu6Q5f41lfkswXuKtYrhgoTpLnyIcHm24Uhqx+5Tqm2InSwLhE6Q==

pathe@^1.1.0:
  version "1.1.0"
  resolved "https://registry.yarnpkg.com/pathe/-/pathe-1.1.0.tgz#e2e13f6c62b31a3289af4ba19886c230f295ec03"
  integrity sha512-ODbEPR0KKHqECXW1GoxdDb+AZvULmXjVPy4rt+pGo2+TnjJTIPJQSVS6N63n8T2Ip+syHhbn52OewKicV0373w==

perfect-debounce@^0.1.3:
  version "0.1.3"
  resolved "https://registry.yarnpkg.com/perfect-debounce/-/perfect-debounce-0.1.3.tgz#ff6798ea543a3ba1f0efeeaf97c0340f5c8871ce"
  integrity sha512-NOT9AcKiDGpnV/HBhI22Str++XWcErO/bALvHCuhv33owZW/CjH8KAFLZDCmu3727sihe0wTxpDhyGc6M8qacQ==

picomatch@^2.0.4, picomatch@^2.2.1, picomatch@^2.3.1:
  version "2.3.1"
  resolved "https://registry.yarnpkg.com/picomatch/-/picomatch-2.3.1.tgz#3ba3833733646d9d3e4995946c1365a67fb07a42"
  integrity sha512-JU3teHTNjmE2VCGFzuY8EXzCDVwEqB2a8fsIvwaStHhAWJEeVd1o1QD80CU6+ZdEXXSLbSsuLwJjkCBWqRQUVA==

queue-microtask@^1.2.2:
  version "1.2.3"
  resolved "https://registry.yarnpkg.com/queue-microtask/-/queue-microtask-1.2.3.tgz#4929228bbc724dfac43e0efb058caf7b6cfb6243"
  integrity sha512-NuaNSa6flKT5JaSYQzJok04JzTL1CA6aGhv5rfLW3PgqA+M2ChpZQnAC8h8i4ZFkBS8X5RqkDBHA7r4hej3K9A==

readdirp@~3.6.0:
  version "3.6.0"
  resolved "https://registry.yarnpkg.com/readdirp/-/readdirp-3.6.0.tgz#74a370bd857116e245b29cc97340cd431a02a6c7"
  integrity sha512-hOS089on8RduqdbhvQ5Z37A0ESjsqz6qnRcffsMU3495FuTdqSm+7bhJ29JvIOsBDEEnan5DPu9t3To9VRlMzA==
  dependencies:
    picomatch "^2.2.1"

reusify@^1.0.4:
  version "1.0.4"
  resolved "https://registry.yarnpkg.com/reusify/-/reusify-1.0.4.tgz#90da382b1e126efc02146e90845a88db12925d76"
  integrity sha512-U9nH88a3fc/ekCF1l0/UP1IosiuIjyTh7hBvXVMHYgVcfGvt897Xguj2UOLDeI5BG2m7/uwyaLVT6fbtCwTyzw==

run-parallel@^1.1.9:
  version "1.2.0"
  resolved "https://registry.yarnpkg.com/run-parallel/-/run-parallel-1.2.0.tgz#66d1368da7bdf921eb9d95bd1a9229e7f21a43ee"
  integrity sha512-5l4VyZR86LZ/lDxZTR6jqL8AFE2S0IFLMP26AbjsLVADxHdhB/c0GUsH+y39UfCi3dzz8OlQuPmnaJOMoDHQBA==
  dependencies:
    queue-microtask "^1.2.2"

shebang-command@^2.0.0:
  version "2.0.0"
  resolved "https://registry.yarnpkg.com/shebang-command/-/shebang-command-2.0.0.tgz#ccd0af4f8835fbdc265b82461aaf0c36663f34ea"
  integrity sha512-kHxr2zZpYtdmrN1qDjrrX/Z1rR1kG8Dx+gkpK1G4eXmvXswmcE1hTWBWYUzlraYw1/yZp6YuDY77YtvbN0dmDA==
  dependencies:
    shebang-regex "^3.0.0"

shebang-regex@^3.0.0:
  version "3.0.0"
  resolved "https://registry.yarnpkg.com/shebang-regex/-/shebang-regex-3.0.0.tgz#ae16f1644d873ecad843b0307b143362d4c42172"
  integrity sha512-7++dFhtcx3353uBaq8DDR4NuxBetBzC7ZQOhmTQInHEd6bSrXdiEyzCvG07Z44UYdLShWUyXt5M/yhz8ekcb1A==

signal-exit@^3.0.3:
  version "3.0.7"
  resolved "https://registry.yarnpkg.com/signal-exit/-/signal-exit-3.0.7.tgz#a9a1767f8af84155114eaabd73f99273c8f59ad9"
  integrity sha512-wnD2ZE+l+SPC/uoS0vXeE9L1+0wuaMqKlfz9AMUo38JsyLSBWSFcHR1Rri62LZc12vLr1gb3jl7iwQhgwpAbGQ==

sirv@^2.0.2:
  version "2.0.2"
  resolved "https://registry.yarnpkg.com/sirv/-/sirv-2.0.2.tgz#128b9a628d77568139cff85703ad5497c46a4760"
  integrity sha512-4Qog6aE29nIjAOKe/wowFTxOdmbEZKb+3tsLljaBRzJwtqto0BChD2zzH0LhgCSXiI+V7X+Y45v14wBZQ1TK3w==
  dependencies:
    "@polka/url" "^1.0.0-next.20"
    mrmime "^1.0.0"
    totalist "^3.0.0"

source-map-js@^1.0.1:
  version "1.0.2"
  resolved "https://registry.yarnpkg.com/source-map-js/-/source-map-js-1.0.2.tgz#adbc361d9c62df380125e7f161f71c826f1e490c"
  integrity sha512-R0XvVJ9WusLiqTCEiGCmICCMplcCkIwwR11mOSD9CR5u+IXYdiseeEuXCVAjS54zqwkLcPNnmU4OeJ6tUrWhDw==

strip-final-newline@^2.0.0:
  version "2.0.0"
  resolved "https://registry.yarnpkg.com/strip-final-newline/-/strip-final-newline-2.0.0.tgz#89b852fb2fcbe936f6f4b3187afb0a12c1ab58ad"
  integrity sha512-BrpvfNAE3dcvq7ll3xVumzjKjZQ5tI1sEUIKr3Uoks0XUl45St3FlatVqef9prk4jRDzhW6WZg+3bk93y6pLjA==

to-regex-range@^5.0.1:
  version "5.0.1"
  resolved "https://registry.yarnpkg.com/to-regex-range/-/to-regex-range-5.0.1.tgz#1648c44aae7c8d988a326018ed72f5b4dd0392e4"
  integrity sha512-65P7iz6X5yEr1cwcgvQxbbIw7Uk3gOy5dIdtZ4rDveLqhrdJP+Li/Hx6tyK0NEb+2GCyneCMJiGqrADCSNk8sQ==
  dependencies:
    is-number "^7.0.0"

totalist@^3.0.0:
  version "3.0.0"
  resolved "https://registry.yarnpkg.com/totalist/-/totalist-3.0.0.tgz#4ef9c58c5f095255cdc3ff2a0a55091c57a3a1bd"
  integrity sha512-eM+pCBxXO/njtF7vdFsHuqb+ElbxqtI4r5EAvk6grfAFyJ6IvWlSkfZ5T9ozC6xWw3Fj1fGoSmrl0gUs46JVIw==

ufo@^1.1.0:
  version "1.1.0"
  resolved "https://registry.yarnpkg.com/ufo/-/ufo-1.1.0.tgz#a5c4c814b0a98f7e0ca42c478688663fd3e3c037"
  integrity sha512-LQc2s/ZDMaCN3QLpa+uzHUOQ7SdV0qgv3VBXOolQGXTaaZpIur6PwUclF5nN2hNkiTRcUugXd1zFOW3FLJ135Q==

unconfig@^0.3.7:
  version "0.3.7"
  resolved "https://registry.yarnpkg.com/unconfig/-/unconfig-0.3.7.tgz#b18b86e3033d4016387c7b98cc6dfdc6d467b5c0"
  integrity sha512-1589b7oGa8ILBYpta7TndM5mLHLzHUqBfhszeZxuUBrjO/RoQ52VGVWsS3w0C0GLNxO9RPmqkf6BmIvBApaRdA==
  dependencies:
    "@antfu/utils" "^0.5.2"
    defu "^6.1.0"
    jiti "^1.16.0"

unocss@^0.49.6:
  version "0.49.6"
  resolved "https://registry.yarnpkg.com/unocss/-/unocss-0.49.6.tgz#6dbdf0118acb4cc060017977910ec821c2cebc11"
  integrity sha512-/KAZyGA2Jb/mOzOxxZXji+njY8qAzkKWanOGGyupUqq0f3D4SSBQ/QE9Htn+Gw+4yo6nQLSMCyxBd418C+GSOA==
  dependencies:
    "@unocss/astro" "0.49.6"
    "@unocss/cli" "0.49.6"
    "@unocss/core" "0.49.6"
    "@unocss/preset-attributify" "0.49.6"
    "@unocss/preset-icons" "0.49.6"
    "@unocss/preset-mini" "0.49.6"
    "@unocss/preset-tagify" "0.49.6"
    "@unocss/preset-typography" "0.49.6"
    "@unocss/preset-uno" "0.49.6"
    "@unocss/preset-web-fonts" "0.49.6"
    "@unocss/preset-wind" "0.49.6"
    "@unocss/reset" "0.49.6"
    "@unocss/transformer-attributify-jsx" "0.49.6"
    "@unocss/transformer-compile-class" "0.49.6"
    "@unocss/transformer-directives" "0.49.6"
    "@unocss/transformer-variant-group" "0.49.6"
    "@unocss/vite" "0.49.6"

which@^2.0.1:
  version "2.0.2"
  resolved "https://registry.yarnpkg.com/which/-/which-2.0.2.tgz#7c6a8dd0a636a0327e10b59c9286eee93f3f51b1"
  integrity sha512-BLI3Tl1TW3Pvl70l3yq3Y64i+awpwXqsGBYWkkqMtnbXgrMD+yj7rhW0kuEDxzJaYXGjEW5ogapKNMEKNMjibA==
  dependencies:
    isexe "^2.0.0"

yocto-queue@^0.1.0:
  version "0.1.0"
  resolved "https://registry.yarnpkg.com/yocto-queue/-/yocto-queue-0.1.0.tgz#0294eb3dee05028d31ee1a5fa2c556a6aaf10a1b"
  integrity sha512-rVksvsnNCdJ/ohGc6xgPwyN8eheCxsiLM8mxuE/t/mOVqJewPuO1miLpTHQiRgTKCLexL4MeAFVagts7HmNZ2Q==
